
Microsoft Visual Studio Solution File, Format Version 12.00
# Visual Studio 15
VisualStudioVersion = 15.0.28307.902
MinimumVisualStudioVersion = 10.0.40219.1
Project("{FAE04EC0-301F-11D3-BF4B-00C04F79EFBC}") = "CRM.Mobile.Android", "CRM.Mobile.Android\CRM.Mobile.Android.csproj", "{24CE3C36-16B9-426D-AA0C-5961ECF8D88C}"
EndProject
Project("{FAE04EC0-301F-11D3-BF4B-00C04F79EFBC}") = "CRM.Mobile.iOS", "CRM.Mobile.iOS\CRM.Mobile.iOS.csproj", "{BCE4235E-D265-4FD6-B6AF-ACA0565793E6}"
EndProject
Project("{FAE04EC0-301F-11D3-BF4B-00C04F79EFBC}") = "CRM.Mobile", "CRM.Mobile\CRM.Mobile.csproj", "{02CF6EDB-D296-4D04-97D6-7BA3312BD3E9}"
EndProject
Global
	GlobalSection(SolutionConfigurationPlatforms) = preSolution
		Debug|Any CPU = Debug|Any CPU
		Debug|iPhone = Debug|iPhone
		Debug|iPhoneSimulator = Debug|iPhoneSimulator
		Release|Any CPU = Release|Any CPU
		Release|iPhone = Release|iPhone
		Release|iPhoneSimulator = Release|iPhoneSimulator
	EndGlobalSection
	GlobalSection(ProjectConfigurationPlatforms) = postSolution
		{24CE3C36-16B9-426D-AA0C-5961ECF8D88C}.Debug|Any CPU.ActiveCfg = Debug|Any CPU
		{24CE3C36-16B9-426D-AA0C-5961ECF8D88C}.Debug|Any CPU.Build.0 = Debug|Any CPU
		{24CE3C36-16B9-426D-AA0C-5961ECF8D88C}.Debug|Any CPU.Deploy.0 = Debug|Any CPU
		{24CE3C36-16B9-426D-AA0C-5961ECF8D88C}.Debug|iPhone.ActiveCfg = Debug|Any CPU
		{24CE3C36-16B9-426D-AA0C-5961ECF8D88C}.Debug|iPhone.Build.0 = Debug|Any CPU
		{24CE3C36-16B9-426D-AA0C-5961ECF8D88C}.Debug|iPhone.Deploy.0 = Debug|Any CPU
		{24CE3C36-16B9-426D-AA0C-5961ECF8D88C}.Debug|iPhoneSimulator.ActiveCfg = Debug|Any CPU
		{24CE3C36-16B9-426D-AA0C-5961ECF8D88C}.Debug|iPhoneSimulator.Build.0 = Debug|Any CPU
		{24CE3C36-16B9-426D-AA0C-5961ECF8D88C}.Debug|iPhoneSimulator.Deploy.0 = Debug|Any CPU
		{24CE3C36-16B9-426D-AA0C-5961ECF8D88C}.Release|Any CPU.ActiveCfg = Release|Any CPU
		{24CE3C36-16B9-426D-AA0C-5961ECF8D88C}.Release|Any CPU.Build.0 = Release|Any CPU
		{24CE3C36-16B9-426D-AA0C-5961ECF8D88C}.Release|Any CPU.Deploy.0 = Release|Any CPU
		{24CE3C36-16B9-426D-AA0C-5961ECF8D88C}.Release|iPhone.ActiveCfg = Release|Any CPU
		{24CE3C36-16B9-426D-AA0C-5961ECF8D88C}.Release|iPhone.Build.0 = Release|Any CPU
		{24CE3C36-16B9-426D-AA0C-5961ECF8D88C}.Release|iPhone.Deploy.0 = Release|Any CPU
		{24CE3C36-16B9-426D-AA0C-5961ECF8D88C}.Release|iPhoneSimulator.ActiveCfg = Release|Any CPU
		{24CE3C36-16B9-426D-AA0C-5961ECF8D88C}.Release|iPhoneSimulator.Build.0 = Release|Any CPU
		{24CE3C36-16B9-426D-AA0C-5961ECF8D88C}.Release|iPhoneSimulator.Deploy.0 = Release|Any CPU
		{BCE4235E-D265-4FD6-B6AF-ACA0565793E6}.Debug|Any CPU.ActiveCfg = Debug|iPhoneSimulator
		{BCE4235E-D265-4FD6-B6AF-ACA0565793E6}.Debug|Any CPU.Build.0 = Debug|iPhoneSimulator
		{BCE4235E-D265-4FD6-B6AF-ACA0565793E6}.Debug|Any CPU.Deploy.0 = Debug|iPhoneSimulator
		{BCE4235E-D265-4FD6-B6AF-ACA0565793E6}.Debug|iPhone.ActiveCfg = Debug|iPhone
		{BCE4235E-D265-4FD6-B6AF-ACA0565793E6}.Debug|iPhone.Build.0 = Debug|iPhone
		{BCE4235E-D265-4FD6-B6AF-ACA0565793E6}.Debug|iPhone.Deploy.0 = Debug|iPhone
		{BCE4235E-D265-4FD6-B6AF-ACA0565793E6}.Debug|iPhoneSimulator.ActiveCfg = Debug|iPhoneSimulator
		{BCE4235E-D265-4FD6-B6AF-ACA0565793E6}.Debug|iPhoneSimulator.Build.0 = Debug|iPhoneSimulator
		{BCE4235E-D265-4FD6-B6AF-ACA0565793E6}.Debug|iPhoneSimulator.Deploy.0 = Debug|iPhoneSimulator
		{BCE4235E-D265-4FD6-B6AF-ACA0565793E6}.Release|Any CPU.ActiveCfg = Release|iPhone
		{BCE4235E-D265-4FD6-B6AF-ACA0565793E6}.Release|Any CPU.Build.0 = Release|iPhone
		{BCE4235E-D265-4FD6-B6AF-ACA0565793E6}.Release|Any CPU.Deploy.0 = Release|iPhone
		{BCE4235E-D265-4FD6-B6AF-ACA0565793E6}.Release|iPhone.ActiveCfg = Release|iPhone
		{BCE4235E-D265-4FD6-B6AF-ACA0565793E6}.Release|iPhone.Build.0 = Release|iPhone
		{BCE4235E-D265-4FD6-B6AF-ACA0565793E6}.Release|iPhone.Deploy.0 = Release|iPhone
		{BCE4235E-D265-4FD6-B6AF-ACA0565793E6}.Release|iPhoneSimulator.ActiveCfg = Release|iPhoneSimulator
		{BCE4235E-D265-4FD6-B6AF-ACA0565793E6}.Release|iPhoneSimulator.Build.0 = Release|iPhoneSimulator
		{BCE4235E-D265-4FD6-B6AF-ACA0565793E6}.Release|iPhoneSimulator.Deploy.0 = Release|iPhoneSimulator
		{02CF6EDB-D296-4D04-97D6-7BA3312BD3E9}.Debug|Any CPU.ActiveCfg = Debug|Any CPU
		{02CF6EDB-D296-4D04-97D6-7BA3312BD3E9}.Debug|Any CPU.Build.0 = Debug|Any CPU
		{02CF6EDB-D296-4D04-97D6-7BA3312BD3E9}.Debug|Any CPU.Deploy.0 = Debug|Any CPU
		{02CF6EDB-D296-4D04-97D6-7BA3312BD3E9}.Debug|iPhone.ActiveCfg = Debug|Any CPU
		{02CF6EDB-D296-4D04-97D6-7BA3312BD3E9}.Debug|iPhone.Build.0 = Debug|Any CPU
		{02CF6EDB-D296-4D04-97D6-7BA3312BD3E9}.Debug|iPhone.Deploy.0 = Debug|Any CPU
		{02CF6EDB-D296-4D04-97D6-7BA3312BD3E9}.Debug|iPhoneSimulator.ActiveCfg = Debug|Any CPU
		{02CF6EDB-D296-4D04-97D6-7BA3312BD3E9}.Debug|iPhoneSimulator.Build.0 = Debug|Any CPU
		{02CF6EDB-D296-4D04-97D6-7BA3312BD3E9}.Debug|iPhoneSimulator.Deploy.0 = Debug|Any CPU
		{02CF6EDB-D296-4D04-97D6-7BA3312BD3E9}.Release|Any CPU.ActiveCfg = Release|Any CPU
		{02CF6EDB-D296-4D04-97D6-7BA3312BD3E9}.Release|Any CPU.Build.0 = Release|Any CPU
		{02CF6EDB-D296-4D04-97D6-7BA3312BD3E9}.Release|Any CPU.Deploy.0 = Release|Any CPU
		{02CF6EDB-D296-4D04-97D6-7BA3312BD3E9}.Release|iPhone.ActiveCfg = Release|Any CPU
		{02CF6EDB-D296-4D04-97D6-7BA3312BD3E9}.Release|iPhone.Build.0 = Release|Any CPU
		{02CF6EDB-D296-4D04-97D6-7BA3312BD3E9}.Release|iPhone.Deploy.0 = Release|Any CPU
		{02CF6EDB-D296-4D04-97D6-7BA3312BD3E9}.Release|iPhoneSimulator.ActiveCfg = Release|Any CPU
		{02CF6EDB-D296-4D04-97D6-7BA3312BD3E9}.Release|iPhoneSimulator.Build.0 = Release|Any CPU
		{02CF6EDB-D296-4D04-97D6-7BA3312BD3E9}.Release|iPhoneSimulator.Deploy.0 = Release|Any CPU
	EndGlobalSection
	GlobalSection(SolutionProperties) = preSolution
		HideSolutionNode = FALSE
	EndGlobalSection
	GlobalSection(ExtensibilityGlobals) = postSolution
		SolutionGuid = {6380263E-C1E5-473A-8580-6D5C35F9B374}
	EndGlobalSection
EndGlobal
